<?xml version="1.0" encoding="utf-8"?>
<Project ToolsVersion="4.0" xmlns="http://schemas.microsoft.com/developer/msbuild/2003">
  <ItemGroup>
    <ClCompile Include="Utility\Timer.cpp">
      <Filter>Source\Utility</Filter>
    </ClCompile>
    <ClCompile Include="Utility\Console.cpp">
      <Filter>Source\Utility</Filter>
    </ClCompile>
    <ClCompile Include="Memory\MemoryManager.cpp">
      <Filter>Source\Memory</Filter>
    </ClCompile>
    <ClCompile Include="Memory\HeapManager.cpp">
      <Filter>Source\Memory</Filter>
    </ClCompile>
    <ClCompile Include="Memory\Heap.cpp">
      <Filter>Source\Memory</Filter>
    </ClCompile>
    <ClCompile Include="Memory\ThreadManager.cpp">
      <Filter>Source\Memory</Filter>
    </ClCompile>
    <ClCompile Include="main.cpp">
      <Filter>Source</Filter>
    </ClCompile>
    <ClCompile Include="Graphics\Renderer.cpp">
      <Filter>Source\Graphics</Filter>
    </ClCompile>
    <ClCompile Include="Graphics\RayTracer.cpp">
      <Filter>Source\Graphics</Filter>
    </ClCompile>
    <ClCompile Include="Memory\MemoryPool.cpp">
      <Filter>Source\Memory</Filter>
    </ClCompile>
    <ClCompile Include="FileIO\JsonLoader.cpp">
      <Filter>Source\FileIO</Filter>
    </ClCompile>
    <ClCompile Include="FileIO\JsonData.cpp">
      <Filter>Source\FileIO</Filter>
    </ClCompile>
  </ItemGroup>
  <ItemGroup>
    <Filter Include="Headers">
      <UniqueIdentifier>{daf38ddd-86d3-4f88-890f-f50b325e6f9d}</UniqueIdentifier>
    </Filter>
    <Filter Include="Source">
      <UniqueIdentifier>{7745c745-0962-401e-af47-971e31cf7e82}</UniqueIdentifier>
    </Filter>
    <Filter Include="Headers\Utility">
      <UniqueIdentifier>{d4599c3c-a714-4e61-87c0-dd7bbd7f5c97}</UniqueIdentifier>
    </Filter>
    <Filter Include="Source\Utility">
      <UniqueIdentifier>{bb02a71c-e5d9-46bd-889d-b9cf6ab22ef0}</UniqueIdentifier>
    </Filter>
    <Filter Include="Headers\Memory">
      <UniqueIdentifier>{1df013a9-0612-428d-ab70-4c8ff9711a8c}</UniqueIdentifier>
    </Filter>
    <Filter Include="Source\Memory">
      <UniqueIdentifier>{0b109ef5-3809-4539-8122-0da7ce3ae3f1}</UniqueIdentifier>
    </Filter>
    <Filter Include="Headers\Graphics">
      <UniqueIdentifier>{fec765c4-3a23-4ab7-951d-3b287a91c8c6}</UniqueIdentifier>
    </Filter>
    <Filter Include="Source\Graphics">
      <UniqueIdentifier>{412b8088-5858-4db9-ac12-6257cfe53b3a}</UniqueIdentifier>
    </Filter>
    <Filter Include="Source\FileIO">
      <UniqueIdentifier>{727feb96-a022-4317-b44b-e53b21c9b8f4}</UniqueIdentifier>
    </Filter>
    <Filter Include="Headers\FileIO">
      <UniqueIdentifier>{25a7fdd5-f7df-45cf-9630-737a7faecf6a}</UniqueIdentifier>
    </Filter>
    <Filter Include="Resources">
      <UniqueIdentifier>{b2a5ae2c-2194-442e-bb86-c6a6ca12b757}</UniqueIdentifier>
    </Filter>
  </ItemGroup>
  <ItemGroup>
    <ClInclude Include="Utility\Console.h">
      <Filter>Headers\Utility</Filter>
    </ClInclude>
    <ClInclude Include="Utility\Timer.h">
      <Filter>Headers\Utility</Filter>
    </ClInclude>
    <ClInclude Include="Memory\Heap.h">
      <Filter>Headers\Memory</Filter>
    </ClInclude>
    <ClInclude Include="Memory\HeapManager.h">
      <Filter>Headers\Memory</Filter>
    </ClInclude>
    <ClInclude Include="Memory\MemoryManager.h">
      <Filter>Headers\Memory</Filter>
    </ClInclude>
    <ClInclude Include="Utility\Sphere.h">
      <Filter>Headers\Utility</Filter>
    </ClInclude>
    <ClInclude Include="Utility\Vec3.h">
      <Filter>Headers\Utility</Filter>
    </ClInclude>
    <ClInclude Include="Memory\ThreadManager.h">
      <Filter>Headers\Memory</Filter>
    </ClInclude>
    <ClInclude Include="Graphics\RayTracer.h">
      <Filter>Headers\Graphics</Filter>
    </ClInclude>
    <ClInclude Include="Graphics\Renderer.h">
      <Filter>Headers\Graphics</Filter>
    </ClInclude>
    <ClInclude Include="Memory\MemoryPool.h">
      <Filter>Headers\Memory</Filter>
    </ClInclude>
    <ClInclude Include="FileIO\JsonData.h">
      <Filter>Headers\FileIO</Filter>
    </ClInclude>
    <ClInclude Include="FileIO\JsonLoader.h">
      <Filter>Headers\FileIO</Filter>
    </ClInclude>
    <ClInclude Include="Resources\json.hpp">
      <Filter>Resources</Filter>
    </ClInclude>
  </ItemGroup>
  <ItemGroup>
    <None Include="Resources\scene.json">
      <Filter>Resources</Filter>
    </None>
  </ItemGroup>
</Project>