<?xml version="1.0" encoding="utf-8"?>
<Project ToolsVersion="4.0" xmlns="http://schemas.microsoft.com/developer/msbuild/2003">
  <ItemGroup>
    <ClCompile Include="main.cpp" />
    <ClCompile Include="Utility\Timer.cpp">
      <Filter>Source\Utility</Filter>
    </ClCompile>
    <ClCompile Include="Utility\Console.cpp">
      <Filter>Source\Utility</Filter>
    </ClCompile>
    <ClCompile Include="Memory\MemoryManager.cpp">
      <Filter>Source\Memory</Filter>
    </ClCompile>
    <ClCompile Include="Memory\HeapManager.cpp">
      <Filter>Source\Memory</Filter>
    </ClCompile>
    <ClCompile Include="Memory\Heap.cpp">
      <Filter>Source\Memory</Filter>
    </ClCompile>
  </ItemGroup>
  <ItemGroup>
    <Filter Include="Headers">
      <UniqueIdentifier>{daf38ddd-86d3-4f88-890f-f50b325e6f9d}</UniqueIdentifier>
    </Filter>
    <Filter Include="Source">
      <UniqueIdentifier>{7745c745-0962-401e-af47-971e31cf7e82}</UniqueIdentifier>
    </Filter>
    <Filter Include="Headers\Utility">
      <UniqueIdentifier>{d4599c3c-a714-4e61-87c0-dd7bbd7f5c97}</UniqueIdentifier>
    </Filter>
    <Filter Include="Source\Utility">
      <UniqueIdentifier>{bb02a71c-e5d9-46bd-889d-b9cf6ab22ef0}</UniqueIdentifier>
    </Filter>
    <Filter Include="Headers\Memory">
      <UniqueIdentifier>{1df013a9-0612-428d-ab70-4c8ff9711a8c}</UniqueIdentifier>
    </Filter>
    <Filter Include="Source\Memory">
      <UniqueIdentifier>{0b109ef5-3809-4539-8122-0da7ce3ae3f1}</UniqueIdentifier>
    </Filter>
  </ItemGroup>
  <ItemGroup>
    <ClInclude Include="Utility\Console.h">
      <Filter>Headers\Utility</Filter>
    </ClInclude>
    <ClInclude Include="Utility\Timer.h">
      <Filter>Headers\Utility</Filter>
    </ClInclude>
    <ClInclude Include="Memory\Heap.h">
      <Filter>Headers\Memory</Filter>
    </ClInclude>
    <ClInclude Include="Memory\HeapManager.h">
      <Filter>Headers\Memory</Filter>
    </ClInclude>
    <ClInclude Include="Memory\MemoryManager.h">
      <Filter>Headers\Memory</Filter>
    </ClInclude>
  </ItemGroup>
</Project>